{
  "requires": true,
  "lockfileVersion": 1,
  "dependencies": {
    "bson": {
      "version": "1.0.4",
      "resolved": "http://registry.npm.taobao.org/bson/download/bson-1.0.4.tgz"
    },
    "buffer-shims": {
      "version": "1.0.0",
      "resolved": "http://registry.npm.taobao.org/buffer-shims/download/buffer-shims-1.0.0.tgz"
    },
    "core-util-is": {
      "version": "1.0.2",
      "resolved": "http://registry.npm.taobao.org/core-util-is/download/core-util-is-1.0.2.tgz"
    },
    "es6-promise": {
      "version": "3.2.1",
      "resolved": "http://registry.npm.taobao.org/es6-promise/download/es6-promise-3.2.1.tgz"
    },
    "inherits": {
      "version": "2.0.3",
      "resolved": "http://registry.npm.taobao.org/inherits/download/inherits-2.0.3.tgz"
    },
    "isarray": {
      "version": "1.0.0",
      "resolved": "http://registry.npm.taobao.org/isarray/download/isarray-1.0.0.tgz"
    },
    "mongodb": {
      "version": "2.2.31",
      "resolved": "https://registry.npmjs.org/mongodb/-/mongodb-2.2.31.tgz",
      "integrity": "sha1-GUBEXGYeGSF7s7+CRdmFSq71SNs=",
      "requires": {
        "es6-promise": "3.2.1",
        "mongodb-core": "2.1.15",
        "readable-stream": "2.2.7"
      }
    },
    "mongodb-core": {
      "version": "2.1.15",
      "resolved": "http://registry.npm.taobao.org/mongodb-core/download/mongodb-core-2.1.15.tgz",
      "requires": {
        "bson": "1.0.4",
        "require_optional": "1.0.1"
      },
      "dependencies": {
        "bson": {
          "version": "http://registry.npm.taobao.org/bson/download/bson-1.0.4.tgz"
        },
        "require_optional": {
          "version": "http://registry.npm.taobao.org/require_optional/download/require_optional-1.0.1.tgz"
        }
      }
    },
    "process-nextick-args": {
      "version": "1.0.7",
      "resolved": "http://registry.npm.taobao.org/process-nextick-args/download/process-nextick-args-1.0.7.tgz"
    },
    "readable-stream": {
      "version": "2.2.7",
      "resolved": "http://registry.npm.taobao.org/readable-stream/download/readable-stream-2.2.7.tgz",
      "requires": {
        "buffer-shims": "1.0.0",
        "core-util-is": "1.0.2",
        "inherits": "2.0.3",
        "isarray": "1.0.0",
        "process-nextick-args": "1.0.7",
        "string_decoder": "1.0.3",
        "util-deprecate": "1.0.2"
      },
      "dependencies": {
        "buffer-shims": {
          "version": "http://registry.npm.taobao.org/buffer-shims/download/buffer-shims-1.0.0.tgz",
          "bundled": true
        },
        "core-util-is": {
          "version": "http://registry.npm.taobao.org/core-util-is/download/core-util-is-1.0.2.tgz",
          "bundled": true
        },
        "inherits": {
          "version": "http://registry.npm.taobao.org/inherits/download/inherits-2.0.3.tgz",
          "bundled": true
        },
        "isarray": {
          "version": "http://registry.npm.taobao.org/isarray/download/isarray-1.0.0.tgz",
          "bundled": true
        },
        "process-nextick-args": {
          "version": "http://registry.npm.taobao.org/process-nextick-args/download/process-nextick-args-1.0.7.tgz",
          "bundled": true
        },
        "string_decoder": {
          "version": "http://registry.npm.taobao.org/string_decoder/download/string_decoder-1.0.3.tgz",
          "bundled": true
        },
        "util-deprecate": {
          "version": "http://registry.npm.taobao.org/util-deprecate/download/util-deprecate-1.0.2.tgz",
          "bundled": true
        }
      }
    },
    "require_optional": {
      "version": "1.0.1",
      "resolved": "http://registry.npm.taobao.org/require_optional/download/require_optional-1.0.1.tgz",
      "requires": {
        "resolve-from": "2.0.0",
        "semver": "5.4.1"
      },
      "dependencies": {
        "resolve-from": {
          "version": "http://registry.npm.taobao.org/resolve-from/download/resolve-from-2.0.0.tgz"
        },
        "semver": {
          "version": "http://registry.npm.taobao.org/semver/download/semver-5.4.1.tgz"
        }
      }
    },
    "resolve-from": {
      "version": "2.0.0",
      "resolved": "http://registry.npm.taobao.org/resolve-from/download/resolve-from-2.0.0.tgz"
    },
    "safe-buffer": {
      "version": "5.1.1",
      "resolved": "http://registry.npm.taobao.org/safe-buffer/download/safe-buffer-5.1.1.tgz"
    },
    "semver": {
      "version": "5.4.1",
      "resolved": "http://registry.npm.taobao.org/semver/download/semver-5.4.1.tgz"
    },
    "string_decoder": {
      "version": "1.0.3",
      "resolved": "http://registry.npm.taobao.org/string_decoder/download/string_decoder-1.0.3.tgz",
      "requires": {
        "safe-buffer": "5.1.1"
      },
      "dependencies": {
        "safe-buffer": {
          "version": "http://registry.npm.taobao.org/safe-buffer/download/safe-buffer-5.1.1.tgz"
        }
      }
    },
    "util-deprecate": {
      "version": "1.0.2",
      "resolved": "http://registry.npm.taobao.org/util-deprecate/download/util-deprecate-1.0.2.tgz"
    }
  }
}
